
Microsoft Visual Studio Solution File, Format Version 12.00
# Visual Studio 15
VisualStudioVersion = 15.0.27703.2026
MinimumVisualStudioVersion = 10.0.40219.1
Project("{8BC9CEB8-8B4A-11D0-8D11-00A0C91BC942}") = "CMDluac", "CMDluac\CMDluac.vcxproj", "{E7CB9AC2-A4A8-4D42-A096-3D3AC671F803}"
EndProject
Global
	GlobalSection(SolutionConfigurationPlatforms) = preSolution
		Windows 10|x64 = Windows 10|x64
		Windows 10|x86 = Windows 10|x86
		Windows 7|x64 = Windows 7|x64
		Windows 7|x86 = Windows 7|x86
	EndGlobalSection
	GlobalSection(ProjectConfigurationPlatforms) = postSolution
		{E7CB9AC2-A4A8-4D42-A096-3D3AC671F803}.Windows 10|x64.ActiveCfg = Windows 10|x64
		{E7CB9AC2-A4A8-4D42-A096-3D3AC671F803}.Windows 10|x64.Build.0 = Windows 10|x64
		{E7CB9AC2-A4A8-4D42-A096-3D3AC671F803}.Windows 10|x86.ActiveCfg = Windows 10|Win32
		{E7CB9AC2-A4A8-4D42-A096-3D3AC671F803}.Windows 10|x86.Build.0 = Windows 10|Win32
		{E7CB9AC2-A4A8-4D42-A096-3D3AC671F803}.Windows 7|x64.ActiveCfg = Windows 7|x64
		{E7CB9AC2-A4A8-4D42-A096-3D3AC671F803}.Windows 7|x64.Build.0 = Windows 7|x64
		{E7CB9AC2-A4A8-4D42-A096-3D3AC671F803}.Windows 7|x86.ActiveCfg = Windows 7|Win32
		{E7CB9AC2-A4A8-4D42-A096-3D3AC671F803}.Windows 7|x86.Build.0 = Windows 7|Win32
	EndGlobalSection
	GlobalSection(SolutionProperties) = preSolution
		HideSolutionNode = FALSE
	EndGlobalSection
	GlobalSection(ExtensibilityGlobals) = postSolution
		SolutionGuid = {7455BBB2-FE34-4B6D-960E-55CE00944142}
	EndGlobalSection
EndGlobal
